
Microsoft Visual Studio Solution File, Format Version 12.00
# Visual Studio 15
Project("{FAE04EC0-301F-11D3-BF4B-00C04F79EFBC}") = "02__Luniakina", "02__Luniakina.csproj", "{A379105A-9E94-40A7-9135-2F9E05E23352}"
EndProject
Global
	GlobalSection(SolutionConfigurationPlatforms) = preSolution
		Debug|Any CPU = Debug|Any CPU
		Release|Any CPU = Release|Any CPU
	EndGlobalSection
	GlobalSection(ProjectConfigurationPlatforms) = postSolution
		{A379105A-9E94-40A7-9135-2F9E05E23352}.Debug|Any CPU.ActiveCfg = Debug|Any CPU
		{A379105A-9E94-40A7-9135-2F9E05E23352}.Debug|Any CPU.Build.0 = Debug|Any CPU
		{A379105A-9E94-40A7-9135-2F9E05E23352}.Release|Any CPU.ActiveCfg = Release|Any CPU
		{A379105A-9E94-40A7-9135-2F9E05E23352}.Release|Any CPU.Build.0 = Release|Any CPU
	EndGlobalSection
EndGlobal
